<?xml version="1.0" encoding="UTF-8" standalone="yes" ?>
<CodeBlocks_project_file>
	<FileVersion major="1" minor="6" />
	<Project>
		<Option title="ffistr1" />
		<Option pch_mode="2" />
		<Option compiler="gfortran" />
		<Build>
			<Target title="Debug">
				<Option output="bin/Debug/ffistr1_d" prefix_auto="1" extension_auto="1" />
				<Option working_dir="" />
				<Option object_output="obj/Debug/" />
				<Option type="2" />
				<Option compiler="gfortran" />
				<Option createDefFile="1" />
				<Compiler>
					<Add option="-Wall" />
					<Add option="-g" />
					<Add directory="$(FRONTISTR_SRC)/hecmw1/obj/Debug" />
					<Add directory="$(FRONTISTR_SRC)/fistr1/obj/Debug" />
				</Compiler>
				<ExtraCommands>
					<Add after="chmod +x postbuild_ffistr1_d.sh" />
					<Add after="./postbuild_ffistr1_d.sh" />
					<Mode after="always" />
				</ExtraCommands>
			</Target>
			<Target title="Release">
				<Option output="bin/Release/ffistr1" prefix_auto="1" extension_auto="1" />
				<Option working_dir="" />
				<Option object_output="obj/Release/" />
				<Option type="2" />
				<Option compiler="gfortran" />
				<Option createDefFile="1" />
				<Compiler>
					<Add option="-O2" />
					<Add option="-Wall" />
					<Add directory="$(FRONTISTR_SRC)/hecmw1/obj/Release" />
					<Add directory="$(FRONTISTR_SRC)/fistr1/obj/Release" />
				</Compiler>
				<Linker>
					<Add option="-s" />
				</Linker>
				<ExtraCommands>
					<Add after="chmod +x postbuild_ffistr1.sh" />
					<Add after="./postbuild_ffistr1.sh" />
					<Mode after="always" />
				</ExtraCommands>
			</Target>
		</Build>
		<Compiler>
			<Add option="-cpp" />
			<Add option="-fallow-argument-mismatch" />
			<Add option="-fallow-invalid-boz" />
			<Add option="-DHECMW_METIS_VER=5" />
			<Add option="-DWITH_MKL" />
			<Add option="-DHECMW_WITH_MUMPS" />
			<Add directory="$(WELSIM_LIBPACK)/include/mpi" />
			<Add directory="$(WELSIM_LIBPACK)/include/mumps" />
			<Add directory="$(FRONTISTR_SRC)/hecmw1/src/common" />
			<Add directory="$(FRONTISTR_SRC)/hecmw1/src/hecmw" />
			<Add directory="$(FRONTISTR_SRC)/hecmw1/src/solver" />
			<Add directory="$(FRONTISTR_SRC)/hecmw1/src/visualizer" />
			<Add directory="$(FRONTISTR_SRC)/fistr1/src/common" />
		</Compiler>
		<Unit filename="src/analysis/dynamic/freq/fstr_frequency_analysis.f90" />
		<Unit filename="src/analysis/dynamic/mode/fstr_EIG_lanczos.f90" />
		<Unit filename="src/analysis/dynamic/mode/fstr_EIG_lanczos_util.f90" />
		<Unit filename="src/analysis/dynamic/mode/fstr_EIG_output.f90" />
		<Unit filename="src/analysis/dynamic/mode/fstr_EIG_setMASS.f90" />
		<Unit filename="src/analysis/dynamic/mode/fstr_EIG_tridiag.f90" />
		<Unit filename="src/analysis/dynamic/mode/fstr_solve_eigen.f90" />
		<Unit filename="src/analysis/dynamic/transit/dynamic_mat_ass_bc.f90" />
		<Unit filename="src/analysis/dynamic/transit/dynamic_mat_ass_bc_ac.f90" />
		<Unit filename="src/analysis/dynamic/transit/dynamic_mat_ass_bc_vl.f90" />
		<Unit filename="src/analysis/dynamic/transit/dynamic_mat_ass_couple.f90" />
		<Unit filename="src/analysis/dynamic/transit/dynamic_mat_ass_load.f90" />
		<Unit filename="src/analysis/dynamic/transit/dynamic_output.f90" />
		<Unit filename="src/analysis/dynamic/transit/dynamic_var_init.f90" />
		<Unit filename="src/analysis/dynamic/transit/fstr_dynamic_nlexplicit.f90" />
		<Unit filename="src/analysis/dynamic/transit/fstr_dynamic_nlimplicit.f90" />
		<Unit filename="src/analysis/dynamic/transit/fstr_solve_dynamic.f90" />
		<Unit filename="src/analysis/dynamic/transit/table_dyn.f90" />
		<Unit filename="src/analysis/heat/fstr_solve_heat.f90" />
		<Unit filename="src/analysis/heat/heat_echo.f90" />
		<Unit filename="src/analysis/heat/heat_get_amplitude.f90" />
		<Unit filename="src/analysis/heat/heat_init.f90" />
		<Unit filename="src/analysis/heat/heat_io.f90" />
		<Unit filename="src/analysis/heat/heat_mat_ass_bc_CFLUX.f90" />
		<Unit filename="src/analysis/heat/heat_mat_ass_bc_DFLUX.f90" />
		<Unit filename="src/analysis/heat/heat_mat_ass_bc_FILM.f90" />
		<Unit filename="src/analysis/heat/heat_mat_ass_bc_FIXT.f90" />
		<Unit filename="src/analysis/heat/heat_mat_ass_bc_RADIATE.f90" />
		<Unit filename="src/analysis/heat/heat_mat_ass_boundary.f90" />
		<Unit filename="src/analysis/heat/heat_mat_ass_capacity.f90" />
		<Unit filename="src/analysis/heat/heat_mat_ass_conductivity.f90" />
		<Unit filename="src/analysis/heat/heat_solve_TRAN.f90" />
		<Unit filename="src/analysis/heat/heat_solve_main.f90" />
		<Unit filename="src/analysis/static/fstr_AddBC.f90" />
		<Unit filename="src/analysis/static/fstr_AddContactStiff.f90" />
		<Unit filename="src/analysis/static/fstr_Ctrl_TimeInc.f90" />
		<Unit filename="src/analysis/static/fstr_Cutback.f90" />
		<Unit filename="src/analysis/static/fstr_NodalStress.f90" />
		<Unit filename="src/analysis/static/fstr_Residual.f90" />
		<Unit filename="src/analysis/static/fstr_Restart.f90" />
		<Unit filename="src/analysis/static/fstr_Spring.f90" />
		<Unit filename="src/analysis/static/fstr_StiffMatrix.f90" />
		<Unit filename="src/analysis/static/fstr_Update.f90" />
		<Unit filename="src/analysis/static/fstr_ass_load.f90" />
		<Unit filename="src/analysis/static/fstr_mat_con_contact.f90" />
		<Unit filename="src/analysis/static/fstr_solve_NLGEOM.f90" />
		<Unit filename="src/analysis/static/fstr_solve_NonLinear.f90" />
		<Unit filename="src/analysis/static/make_result.f90" />
		<Unit filename="src/analysis/static/readtemp.f90" />
		<Unit filename="src/analysis/static/static_echo.f90" />
		<Unit filename="src/analysis/static/static_output.f90" />
		<Unit filename="src/common/fstr_contact.f90" />
		<Unit filename="src/common/fstr_ctrl_common.f90" />
		<Unit filename="src/common/fstr_ctrl_dynamic.f90" />
		<Unit filename="src/common/fstr_ctrl_eigen.f90" />
		<Unit filename="src/common/fstr_ctrl_heat.f90" />
		<Unit filename="src/common/fstr_ctrl_material.f90" />
		<Unit filename="src/common/fstr_ctrl_modifier.f90" />
		<Unit filename="src/common/fstr_ctrl_static.f90" />
		<Unit filename="src/common/fstr_debug_dump.f90" />
		<Unit filename="src/common/fstr_get_prop.f90" />
		<Unit filename="src/common/fstr_precheck.f90" />
		<Unit filename="src/common/fstr_setup.f90" />
		<Unit filename="src/common/fstr_setup_util.f90" />
		<Unit filename="src/common/hecmw2fstr_mesh_conv.f90" />
		<Unit filename="src/lib/GaussM.f90" />
		<Unit filename="src/lib/contact/bucket_search.f90" />
		<Unit filename="src/lib/contact/contact_lib.f90" />
		<Unit filename="src/lib/contact/fstr_contact_def.F90" />
		<Unit filename="src/lib/contact/fstr_contact_param.f90" />
		<Unit filename="src/lib/contact/surf_ele.f90" />
		<Unit filename="src/lib/dynamic_mass.f90" />
		<Unit filename="src/lib/eigen_LIB.f90" />
		<Unit filename="src/lib/element/element.f90" />
		<Unit filename="src/lib/element/hex20n.f90" />
		<Unit filename="src/lib/element/hex8n.f90" />
		<Unit filename="src/lib/element/line2n.f90" />
		<Unit filename="src/lib/element/line3n.f90" />
		<Unit filename="src/lib/element/prism15n.f90" />
		<Unit filename="src/lib/element/prism6n.f90" />
		<Unit filename="src/lib/element/quad4n.f90" />
		<Unit filename="src/lib/element/quad8n.f90" />
		<Unit filename="src/lib/element/quad9n.f90" />
		<Unit filename="src/lib/element/quadrature.f90" />
		<Unit filename="src/lib/element/tet10n.f90" />
		<Unit filename="src/lib/element/tet4n.f90" />
		<Unit filename="src/lib/element/tri3n.f90" />
		<Unit filename="src/lib/element/tri6n.f90" />
		<Unit filename="src/lib/heat_LIB.f90" />
		<Unit filename="src/lib/heat_LIB_CAPACITY.f90" />
		<Unit filename="src/lib/heat_LIB_CONDUCTIVITY.f90" />
		<Unit filename="src/lib/heat_LIB_DFLUX.f90" />
		<Unit filename="src/lib/heat_LIB_FILM.f90" />
		<Unit filename="src/lib/heat_LIB_NEUTRAL.f90" />
		<Unit filename="src/lib/heat_LIB_RADIATE.f90" />
		<Unit filename="src/lib/m_common_struct.f90" />
		<Unit filename="src/lib/m_fstr.f90" />
		<Unit filename="src/lib/m_out.f90" />
		<Unit filename="src/lib/m_step.f90" />
		<Unit filename="src/lib/m_timepoint.f90" />
		<Unit filename="src/lib/physics/ElasticLinear.f90" />
		<Unit filename="src/lib/physics/Elastoplastic.f90" />
		<Unit filename="src/lib/physics/Hyperelastic.f90" />
		<Unit filename="src/lib/physics/Viscoelastic.f90" />
		<Unit filename="src/lib/physics/calMatMatrix.f90" />
		<Unit filename="src/lib/physics/creep.f90" />
		<Unit filename="src/lib/physics/material.f90" />
		<Unit filename="src/lib/physics/mechgauss.f90" />
		<Unit filename="src/lib/precheck_LIB_2d.f90" />
		<Unit filename="src/lib/precheck_LIB_3d.f90" />
		<Unit filename="src/lib/precheck_LIB_shell.f90" />
		<Unit filename="src/lib/solve_LINEQ.f90" />
		<Unit filename="src/lib/static_LIB.f90" />
		<Unit filename="src/lib/static_LIB_1d.f90" />
		<Unit filename="src/lib/static_LIB_2d.f90" />
		<Unit filename="src/lib/static_LIB_3d.f90" />
		<Unit filename="src/lib/static_LIB_3dIC.f90" />
		<Unit filename="src/lib/static_LIB_3d_vp.f90" />
		<Unit filename="src/lib/static_LIB_C3D8.f90" />
		<Unit filename="src/lib/static_LIB_Fbar.f90" />
		<Unit filename="src/lib/static_LIB_beam.f90" />
		<Unit filename="src/lib/static_LIB_shell.f90" />
		<Unit filename="src/lib/user/uelastic.f90" />
		<Unit filename="src/lib/user/uhardening.f90" />
		<Unit filename="src/lib/user/uload.f90" />
		<Unit filename="src/lib/user/umat.f90" />
		<Unit filename="src/lib/user/uyield.f90" />
		<Unit filename="src/lib/utilities/ttable.f90" />
		<Unit filename="src/lib/utilities/utilities.f90" />
		<Extensions />
	</Project>
</CodeBlocks_project_file>
